// !$*UTF8*$!
{
	archiveVersion = 1;
	classes = {
	};
	objectVersion = 46;
	objects = {

/* Begin PBXBuildFile section */
		600CEEBA1D41161000A92A82 /* BNREmployee.m in Sources */ = {isa = PBXBuildFile; fileRef = 600CEEB91D41161000A92A82 /* BNREmployee.m */; };
		6022719E1D7EF7B000294A3E /* BNRAsset.m in Sources */ = {isa = PBXBuildFile; fileRef = 6022719D1D7EF7B000294A3E /* BNRAsset.m */; };
		60742CF51D3BD1310048FEE9 /* main.m in Sources */ = {isa = PBXBuildFile; fileRef = 60742CF41D3BD1310048FEE9 /* main.m */; };
		60742CFD1D3BD1570048FEE9 /* BNRPerson.m in Sources */ = {isa = PBXBuildFile; fileRef = 60742CFC1D3BD1570048FEE9 /* BNRPerson.m */; };
/* End PBXBuildFile section */

/* Begin PBXCopyFilesBuildPhase section */
		60742CEF1D3BD1310048FEE9 /* CopyFiles */ = {
			isa = PBXCopyFilesBuildPhase;
			buildActionMask = 2147483647;
			dstPath = /usr/share/man/man1/;
			dstSubfolderSpec = 0;
			files = (
			);
			runOnlyForDeploymentPostprocessing = 1;
		};
/* End PBXCopyFilesBuildPhase section */

/* Begin PBXFileReference section */
		600CEEB81D41161000A92A82 /* BNREmployee.h */ = {isa = PBXFileReference; fileEncoding = 4; lastKnownFileType = sourcecode.c.h; name = BNREmployee.h; path = BMITime/BNREmployee.h; sourceTree = "<group>"; };
		600CEEB91D41161000A92A82 /* BNREmployee.m */ = {isa = PBXFileReference; fileEncoding = 4; lastKnownFileType = sourcecode.c.objc; name = BNREmployee.m; path = BMITime/BNREmployee.m; sourceTree = "<group>"; };
		6022719C1D7EF7B000294A3E /* BNRAsset.h */ = {isa = PBXFileReference; fileEncoding = 4; lastKnownFileType = sourcecode.c.h; path = BNRAsset.h; sourceTree = "<group>"; };
		6022719D1D7EF7B000294A3E /* BNRAsset.m */ = {isa = PBXFileReference; fileEncoding = 4; lastKnownFileType = sourcecode.c.objc; path = BNRAsset.m; sourceTree = "<group>"; };
		60742CF11D3BD1310048FEE9 /* BMITime */ = {isa = PBXFileReference; explicitFileType = "compiled.mach-o.executable"; includeInIndex = 0; path = BMITime; sourceTree = BUILT_PRODUCTS_DIR; };
		60742CF41D3BD1310048FEE9 /* main.m */ = {isa = PBXFileReference; lastKnownFileType = sourcecode.c.objc; path = main.m; sourceTree = "<group>"; };
		60742CFB1D3BD1570048FEE9 /* BNRPerson.h */ = {isa = PBXFileReference; fileEncoding = 4; lastKnownFileType = sourcecode.c.h; path = BNRPerson.h; sourceTree = "<group>"; };
		60742CFC1D3BD1570048FEE9 /* BNRPerson.m */ = {isa = PBXFileReference; fileEncoding = 4; lastKnownFileType = sourcecode.c.objc; path = BNRPerson.m; sourceTree = "<group>"; };
/* End PBXFileReference section */

/* Begin PBXFrameworksBuildPhase section */
		60742CEE1D3BD1310048FEE9 /* Frameworks */ = {
			isa = PBXFrameworksBuildPhase;
			buildActionMask = 2147483647;
			files = (
			);
			runOnlyForDeploymentPostprocessing = 0;
		};
/* End PBXFrameworksBuildPhase section */

/* Begin PBXGroup section */
		60742CE81D3BD1310048FEE9 = {
			isa = PBXGroup;
			children = (
				60742CFB1D3BD1570048FEE9 /* BNRPerson.h */,
				60742CFC1D3BD1570048FEE9 /* BNRPerson.m */,
				600CEEB81D41161000A92A82 /* BNREmployee.h */,
				600CEEB91D41161000A92A82 /* BNREmployee.m */,
				6022719C1D7EF7B000294A3E /* BNRAsset.h */,
				6022719D1D7EF7B000294A3E /* BNRAsset.m */,
				60742CF31D3BD1310048FEE9 /* BMITime */,
				60742CF21D3BD1310048FEE9 /* Products */,
			);
			sourceTree = "<group>";
		};
		60742CF21D3BD1310048FEE9 /* Products */ = {
			isa = PBXGroup;
			children = (
				60742CF11D3BD1310048FEE9 /* BMITime */,
			);
			name = Products;
			sourceTree = "<group>";
		};
		60742CF31D3BD1310048FEE9 /* BMITime */ = {
			isa = PBXGroup;
			children = (
				60742CF41D3BD1310048FEE9 /* main.m */,
			);
			path = BMITime;
			sourceTree = "<group>";
		};
/* End PBXGroup section */

/* Begin PBXNativeTarget section */
		60742CF01D3BD1310048FEE9 /* BMITime */ = {
			isa = PBXNativeTarget;
			buildConfigurationList = 60742CF81D3BD1310048FEE9 /* Build configuration list for PBXNativeTarget "BMITime" */;
			buildPhases = (
				60742CED1D3BD1310048FEE9 /* Sources */,
				60742CEE1D3BD1310048FEE9 /* Frameworks */,
				60742CEF1D3BD1310048FEE9 /* CopyFiles */,
			);
			buildRules = (
			);
			dependencies = (
			);
			name = BMITime;
			productName = BMITime;
			productReference = 60742CF11D3BD1310048FEE9 /* BMITime */;
			productType = "com.apple.product-type.tool";
		};
/* End PBXNativeTarget section */

/* Begin PBXProject section */
		60742CE91D3BD1310048FEE9 /* Project object */ = {
			isa = PBXProject;
			attributes = {
				LastUpgradeCheck = 0730;
				ORGANIZATIONNAME = BigNerdRanach;
				TargetAttributes = {
					60742CF01D3BD1310048FEE9 = {
						CreatedOnToolsVersion = 7.3.1;
					};
				};
			};
			buildConfigurationList = 60742CEC1D3BD1310048FEE9 /* Build configuration list for PBXProject "BMITime" */;
			compatibilityVersion = "Xcode 3.2";
			developmentRegion = English;
			hasScannedForEncodings = 0;
			knownRegions = (
				en,
			);
			mainGroup = 60742CE81D3BD1310048FEE9;
			productRefGroup = 60742CF21D3BD1310048FEE9 /* Products */;
			projectDirPath = "";
			projectRoot = "";
			targets = (
				60742CF01D3BD1310048FEE9 /* BMITime */,
			);
		};
/* End PBXProject section */

/* Begin PBXSourcesBuildPhase section */
		60742CED1D3BD1310048FEE9 /* Sources */ = {
			isa = PBXSourcesBuildPhase;
			buildActionMask = 2147483647;
			files = (
				600CEEBA1D41161000A92A82 /* BNREmployee.m in Sources */,
				60742CF51D3BD1310048FEE9 /* main.m in Sources */,
				60742CFD1D3BD1570048FEE9 /* BNRPerson.m in Sources */,
				6022719E1D7EF7B000294A3E /* BNRAsset.m in Sources */,
			);
			runOnlyForDeploymentPostprocessing = 0;
		};
/* End PBXSourcesBuildPhase section */

/* Begin XCBuildConfiguration section */
		60742CF61D3BD1310048FEE9 /* Debug */ = {
			isa = XCBuildConfiguration;
			buildSettings = {
				ALWAYS_SEARCH_USER_PATHS = NO;
				CLANG_ANALYZER_NONNULL = YES;
				CLANG_CXX_LANGUAGE_STANDARD = "gnu++0x";
				CLANG_CXX_LIBRARY = "libc++";
				CLANG_ENABLE_MODULES = YES;
				CLANG_ENABLE_OBJC_ARC = YES;
				CLANG_WARN_BOOL_CONVERSION = YES;
				CLANG_WARN_CONSTANT_CONVERSION = YES;
				CLANG_WARN_DIRECT_OBJC_ISA_USAGE = YES_ERROR;
				CLANG_WARN_EMPTY_BODY = YES;
				CLANG_WARN_ENUM_CONVERSION = YES;
				CLANG_WARN_INT_CONVERSION = YES;
				CLANG_WARN_OBJC_ROOT_CLASS = YES_ERROR;
				CLANG_WARN_UNREACHABLE_CODE = YES;
				CLANG_WARN__DUPLICATE_METHOD_MATCH = YES;
				CODE_SIGN_IDENTITY = "-";
				COPY_PHASE_STRIP = NO;
				DEBUG_INFORMATION_FORMAT = dwarf;
				ENABLE_STRICT_OBJC_MSGSEND = YES;
				ENABLE_TESTABILITY = YES;
				GCC_C_LANGUAGE_STANDARD = gnu99;
				GCC_DYNAMIC_NO_PIC = NO;
				GCC_NO_COMMON_BLOCKS = YES;
				GCC_OPTIMIZATION_LEVEL = 0;
				GCC_PREPROCESSOR_DEFINITIONS = (
					"DEBUG=1",
					"$(inherited)",
				);
				GCC_WARN_64_TO_32_BIT_CONVERSION = YES;
				GCC_WARN_ABOUT_RETURN_TYPE = YES_ERROR;
				GCC_WARN_UNDECLARED_SELECTOR = YES;
				GCC_WARN_UNINITIALIZED_AUTOS = YES_AGGRESSIVE;
				GCC_WARN_UNUSED_FUNCTION = YES;
				GCC_WARN_UNUSED_VARIABLE = YES;
				MACOSX_DEPLOYMENT_TARGET = 10.11;
				MTL_ENABLE_DEBUG_INFO = YES;
				ONLY_ACTIVE_ARCH = YES;
				SDKROOT = macosx;
			};
			name = Debug;
		};
		60742CF71D3BD1310048FEE9 /* Release */ = {
			isa = XCBuildConfiguration;
			buildSettings = {
				ALWAYS_SEARCH_USER_PATHS = NO;
				CLANG_ANALYZER_NONNULL = YES;
				CLANG_CXX_LANGUAGE_STANDARD = "gnu++0x";
				CLANG_CXX_LIBRARY = "libc++";
				CLANG_ENABLE_MODULES = YES;
				CLANG_ENABLE_OBJC_ARC = YES;
				CLANG_WARN_BOOL_CONVERSION = YES;
				CLANG_WARN_CONSTANT_CONVERSION = YES;
				CLANG_WARN_DIRECT_OBJC_ISA_USAGE = YES_ERROR;
				CLANG_WARN_EMPTY_BODY = YES;
				CLANG_WARN_ENUM_CONVERSION = YES;
				CLANG_WARN_INT_CONVERSION = YES;
				CLANG_WARN_OBJC_ROOT_CLASS = YES_ERROR;
				CLANG_WARN_UNREACHABLE_CODE = YES;
				CLANG_WARN__DUPLICATE_METHOD_MATCH = YES;
				CODE_SIGN_IDENTITY = "-";
				COPY_PHASE_STRIP = NO;
				DEBUG_INFORMATION_FORMAT = "dwarf-with-dsym";
				ENABLE_NS_ASSERTIONS = NO;
				ENABLE_STRICT_OBJC_MSGSEND = YES;
				GCC_C_LANGUAGE_STANDARD = gnu99;
				GCC_NO_COMMON_BLOCKS = YES;
				GCC_WARN_64_TO_32_BIT_CONVERSION = YES;
				GCC_WARN_ABOUT_RETURN_TYPE = YES_ERROR;
				GCC_WARN_UNDECLARED_SELECTOR = YES;
				GCC_WARN_UNINITIALIZED_AUTOS = YES_AGGRESSIVE;
				GCC_WARN_UNUSED_FUNCTION = YES;
				GCC_WARN_UNUSED_VARIABLE = YES;
				MACOSX_DEPLOYMENT_TARGET = 10.11;
				MTL_ENABLE_DEBUG_INFO = NO;
				SDKROOT = macosx;
			};
			name = Release;
		};
		60742CF91D3BD1310048FEE9 /* Debug */ = {
			isa = XCBuildConfiguration;
			buildSettings = {
				PRODUCT_NAME = "$(TARGET_NAME)";
			};
			name = Debug;
		};
		60742CFA1D3BD1310048FEE9 /* Release */ = {
			isa = XCBuildConfiguration;
			buildSettings = {
				PRODUCT_NAME = "$(TARGET_NAME)";
			};
			name = Release;
		};
/* End XCBuildConfiguration section */

/* Begin XCConfigurationList section */
		60742CEC1D3BD1310048FEE9 /* Build configuration list for PBXProject "BMITime" */ = {
			isa = XCConfigurationList;
			buildConfigurations = (
				60742CF61D3BD1310048FEE9 /* Debug */,
				60742CF71D3BD1310048FEE9 /* Release */,
			);
			defaultConfigurationIsVisible = 0;
			defaultConfigurationName = Release;
		};
		60742CF81D3BD1310048FEE9 /* Build configuration list for PBXNativeTarget "BMITime" */ = {
			isa = XCConfigurationList;
			buildConfigurations = (
				60742CF91D3BD1310048FEE9 /* Debug */,
				60742CFA1D3BD1310048FEE9 /* Release */,
			);
			defaultConfigurationIsVisible = 0;
			defaultConfigurationName = Release;
		};
/* End XCConfigurationList section */
	};
	rootObject = 60742CE91D3BD1310048FEE9 /* Project object */;
}
